
Microsoft Visual Studio Solution File, Format Version 12.00
# Visual Studio 2012
Project("{FAE04EC0-301F-11D3-BF4B-00C04F79EFBC}") = "Bajskollen", "Bajskollen\Bajskollen.csproj", "{D545B8AB-ACD5-4EB0-AD36-BD15AD402180}"
EndProject
Project("{FAE04EC0-301F-11D3-BF4B-00C04F79EFBC}") = "Bajskollen.Droid", "Droid\Bajskollen.Droid.csproj", "{088D284B-0571-4B4E-9DFC-ABC455F85C51}"
EndProject
Project("{FAE04EC0-301F-11D3-BF4B-00C04F79EFBC}") = "Bajskollen.iOS", "iOS\Bajskollen.iOS.csproj", "{F61F37D4-8174-4CC7-AE02-9D5F65B48715}"
EndProject
Global
	GlobalSection(SolutionConfigurationPlatforms) = preSolution
		Debug|Any CPU = Debug|Any CPU
		Release|Any CPU = Release|Any CPU
		Debug|iPhoneSimulator = Debug|iPhoneSimulator
		Release|iPhone = Release|iPhone
		Release|iPhoneSimulator = Release|iPhoneSimulator
		Debug|iPhone = Debug|iPhone
	EndGlobalSection
	GlobalSection(ProjectConfigurationPlatforms) = postSolution
		{D545B8AB-ACD5-4EB0-AD36-BD15AD402180}.Debug|Any CPU.ActiveCfg = Debug|Any CPU
		{D545B8AB-ACD5-4EB0-AD36-BD15AD402180}.Debug|Any CPU.Build.0 = Debug|Any CPU
		{D545B8AB-ACD5-4EB0-AD36-BD15AD402180}.Release|Any CPU.ActiveCfg = Release|Any CPU
		{D545B8AB-ACD5-4EB0-AD36-BD15AD402180}.Release|Any CPU.Build.0 = Release|Any CPU
		{D545B8AB-ACD5-4EB0-AD36-BD15AD402180}.Debug|iPhoneSimulator.ActiveCfg = Debug|Any CPU
		{D545B8AB-ACD5-4EB0-AD36-BD15AD402180}.Debug|iPhoneSimulator.Build.0 = Debug|Any CPU
		{D545B8AB-ACD5-4EB0-AD36-BD15AD402180}.Release|iPhone.ActiveCfg = Release|Any CPU
		{D545B8AB-ACD5-4EB0-AD36-BD15AD402180}.Release|iPhone.Build.0 = Release|Any CPU
		{D545B8AB-ACD5-4EB0-AD36-BD15AD402180}.Release|iPhoneSimulator.ActiveCfg = Release|Any CPU
		{D545B8AB-ACD5-4EB0-AD36-BD15AD402180}.Release|iPhoneSimulator.Build.0 = Release|Any CPU
		{D545B8AB-ACD5-4EB0-AD36-BD15AD402180}.Debug|iPhone.ActiveCfg = Debug|Any CPU
		{D545B8AB-ACD5-4EB0-AD36-BD15AD402180}.Debug|iPhone.Build.0 = Debug|Any CPU
		{088D284B-0571-4B4E-9DFC-ABC455F85C51}.Debug|Any CPU.ActiveCfg = Debug|Any CPU
		{088D284B-0571-4B4E-9DFC-ABC455F85C51}.Debug|Any CPU.Build.0 = Debug|Any CPU
		{088D284B-0571-4B4E-9DFC-ABC455F85C51}.Release|Any CPU.ActiveCfg = Release|Any CPU
		{088D284B-0571-4B4E-9DFC-ABC455F85C51}.Release|Any CPU.Build.0 = Release|Any CPU
		{088D284B-0571-4B4E-9DFC-ABC455F85C51}.Debug|iPhoneSimulator.ActiveCfg = Debug|Any CPU
		{088D284B-0571-4B4E-9DFC-ABC455F85C51}.Debug|iPhoneSimulator.Build.0 = Debug|Any CPU
		{088D284B-0571-4B4E-9DFC-ABC455F85C51}.Release|iPhone.ActiveCfg = Release|Any CPU
		{088D284B-0571-4B4E-9DFC-ABC455F85C51}.Release|iPhone.Build.0 = Release|Any CPU
		{088D284B-0571-4B4E-9DFC-ABC455F85C51}.Release|iPhoneSimulator.ActiveCfg = Release|Any CPU
		{088D284B-0571-4B4E-9DFC-ABC455F85C51}.Release|iPhoneSimulator.Build.0 = Release|Any CPU
		{088D284B-0571-4B4E-9DFC-ABC455F85C51}.Debug|iPhone.ActiveCfg = Debug|Any CPU
		{088D284B-0571-4B4E-9DFC-ABC455F85C51}.Debug|iPhone.Build.0 = Debug|Any CPU
		{F61F37D4-8174-4CC7-AE02-9D5F65B48715}.Debug|Any CPU.ActiveCfg = Debug|iPhoneSimulator
		{F61F37D4-8174-4CC7-AE02-9D5F65B48715}.Debug|Any CPU.Build.0 = Debug|iPhoneSimulator
		{F61F37D4-8174-4CC7-AE02-9D5F65B48715}.Release|Any CPU.ActiveCfg = Release|iPhone
		{F61F37D4-8174-4CC7-AE02-9D5F65B48715}.Release|Any CPU.Build.0 = Release|iPhone
		{F61F37D4-8174-4CC7-AE02-9D5F65B48715}.Debug|iPhoneSimulator.ActiveCfg = Debug|iPhoneSimulator
		{F61F37D4-8174-4CC7-AE02-9D5F65B48715}.Debug|iPhoneSimulator.Build.0 = Debug|iPhoneSimulator
		{F61F37D4-8174-4CC7-AE02-9D5F65B48715}.Release|iPhone.ActiveCfg = Release|iPhone
		{F61F37D4-8174-4CC7-AE02-9D5F65B48715}.Release|iPhone.Build.0 = Release|iPhone
		{F61F37D4-8174-4CC7-AE02-9D5F65B48715}.Release|iPhoneSimulator.ActiveCfg = Release|iPhoneSimulator
		{F61F37D4-8174-4CC7-AE02-9D5F65B48715}.Release|iPhoneSimulator.Build.0 = Release|iPhoneSimulator
		{F61F37D4-8174-4CC7-AE02-9D5F65B48715}.Debug|iPhone.ActiveCfg = Debug|iPhone
		{F61F37D4-8174-4CC7-AE02-9D5F65B48715}.Debug|iPhone.Build.0 = Debug|iPhone
	EndGlobalSection
EndGlobal
